{
  "name": "vsc-ghostty-bench",
  "lockfileVersion": 3,
  "requires": true,
  "packages": {
    "": {
      "name": "vsc-ghostty-bench",
      "dependencies": {
        "@gespenst/core": "0.1.2",
        "@xterm/addon-webgl": "0.20.0-beta.290",
        "@xterm/headless": "6.1.0-beta.291",
        "@xterm/xterm": "6.1.0-beta.291",
        "ghostty-web": "0.4.0",
        "node-pty": "1.2.0-beta.15",
        "playwright-core": "1.63.0"
      }
    },
    "node_modules/@gespenst/core": {
      "version": "0.1.2",
      "resolved": "https://registry.npmjs.org/@gespenst/core/-/core-0.1.2.tgz",
      "integrity": "sha512-DboMemwRd2YzMr+6oKZKfvNl1VRmCr5Cv6c1HnJJo/7Y3kRILWDgV1+PywQu2nhfMM+ytipNEjvscR73aeTzlw==",
      "license": "MIT",
      "engines": {
        "node": "^20.19.0 || >=22.12.0"
      }
    },
    "node_modules/@xterm/addon-webgl": {
      "version": "0.20.0-beta.290",
      "resolved": "https://registry.npmjs.org/@xterm/addon-webgl/-/addon-webgl-0.20.0-beta.290.tgz",
      "integrity": "sha512-vHQCXsBp3rDermQSBCtN75U26DmoWI6SbCQ0oRjkuJR4r1B6SIyJBXuWPhHAXkCs86+iaStuafAdQDNO73cGWA==",
      "license": "MIT",
      "peerDependencies": {
        "@xterm/xterm": "^6.1.0-beta.291"
      }
    },
    "node_modules/@xterm/headless": {
      "version": "6.1.0-beta.291",
      "resolved": "https://registry.npmjs.org/@xterm/headless/-/headless-6.1.0-beta.291.tgz",
      "integrity": "sha512-XHV7PMVxI9yUZnPIeIE+qRHkanj6WGOUyoUCw19Yd+GwLYjb9cWSMJTl9jZhIkKHEU9uQbM/BODXC3fZoCQYqg==",
      "license": "MIT",
      "workspaces": [
        "addons/*"
      ]
    },
    "node_modules/@xterm/xterm": {
      "version": "6.1.0-beta.291",
      "resolved": "https://registry.npmjs.org/@xterm/xterm/-/xterm-6.1.0-beta.291.tgz",
      "integrity": "sha512-Q6IjxogKIu7fBkXHcn4vQhfHvtwhIv/NN8LR0knCAxPA06/jXuHwreqX9Y/4zvzj7m8u6OBndOJDCUAxLmRfQQ==",
      "license": "MIT",
      "workspaces": [
        "addons/*"
      ]
    },
    "node_modules/ghostty-web": {
      "version": "0.4.0",
      "resolved": "https://registry.npmjs.org/ghostty-web/-/ghostty-web-0.4.0.tgz",
      "integrity": "sha512-0puDBik2qapbD/QQBW9o5ZHfXnZBqZWx/ctBiVtKZ6ZLds4NYb+wZuw1cRLXZk9zYovIQ908z3rvFhexAvc5Hg==",
      "license": "MIT"
    },
    "node_modules/node-addon-api": {
      "version": "7.1.1",
      "resolved": "https://registry.npmjs.org/node-addon-api/-/node-addon-api-7.1.1.tgz",
      "integrity": "sha512-5m3bsyrjFWE1xf7nz7YXdN4udnVtXK6/Yfgn5qnahL6bCkf2yKt4k3nuTKAtT4r3IG8JNR2ncsIMdZuAzJjHQQ==",
      "license": "MIT"
    },
    "node_modules/node-pty": {
      "version": "1.2.0-beta.15",
      "resolved": "https://registry.npmjs.org/node-pty/-/node-pty-1.2.0-beta.15.tgz",
      "integrity": "sha512-vORSzHXi4Ofl7HemVWpuudLqCPdaQb4LfpRCUpE5HPxhp4JYscl8zZwxh11p26v2wvW24WMwnMfLjhRLixrfxA==",
      "hasInstallScript": true,
      "license": "MIT",
      "dependencies": {
        "node-addon-api": "^7.1.0"
      }
    },
    "node_modules/playwright-core": {
      "version": "1.63.0",
      "resolved": "https://registry.npmjs.org/playwright-core/-/playwright-core-1.63.0.tgz",
      "integrity": "sha512-rYCsBF/M5HjUch52bbtVONEFjv6Xu8sm8h72dNlR5bzIE1fvC/bxgspzkjSfU+MweEMmPM8KJebG6nnyxo5mCg==",
      "license": "Apache-2.0",
      "bin": {
        "playwright-core": "cli.js"
      },
      "engines": {
        "node": ">=20"
      }
    }
  }
}
